
Microsoft Visual Studio Solution File, Format Version 12.00
# Visual Studio Version 17
VisualStudioVersion = 17.9.34616.47
MinimumVisualStudioVersion = 10.0.40219.1
Project("{9A19103F-16F7-4668-BE54-9A1E7A4F7556}") = "Fiminski.RG.Cli", "Fiminski.Cli\Fiminski.RG.Cli.csproj", "{9B291870-3576-498E-B76C-6B29FEB292B8}"
EndProject
Project("{9A19103F-16F7-4668-BE54-9A1E7A4F7556}") = "Fiminski.RG.DAL", "Fiminski.RG.DAL\Fiminski.RG.DAL.csproj", "{176CAA51-917D-4920-A6A1-D430A9F62494}"
EndProject
Project("{FAE04EC0-301F-11D3-BF4B-00C04F79EFBC}") = "Fiminski.RG.DALTests", "Fiminski.RG.DALTests\Fiminski.RG.DALTests.csproj", "{041457A6-8B88-4CD5-A32C-98FB09A0FA25}"
EndProject
Global
	GlobalSection(SolutionConfigurationPlatforms) = preSolution
		Debug|Any CPU = Debug|Any CPU
		Release|Any CPU = Release|Any CPU
	EndGlobalSection
	GlobalSection(ProjectConfigurationPlatforms) = postSolution
		{9B291870-3576-498E-B76C-6B29FEB292B8}.Debug|Any CPU.ActiveCfg = Debug|Any CPU
		{9B291870-3576-498E-B76C-6B29FEB292B8}.Debug|Any CPU.Build.0 = Debug|Any CPU
		{9B291870-3576-498E-B76C-6B29FEB292B8}.Release|Any CPU.ActiveCfg = Release|Any CPU
		{9B291870-3576-498E-B76C-6B29FEB292B8}.Release|Any CPU.Build.0 = Release|Any CPU
		{176CAA51-917D-4920-A6A1-D430A9F62494}.Debug|Any CPU.ActiveCfg = Debug|Any CPU
		{176CAA51-917D-4920-A6A1-D430A9F62494}.Debug|Any CPU.Build.0 = Debug|Any CPU
		{176CAA51-917D-4920-A6A1-D430A9F62494}.Release|Any CPU.ActiveCfg = Release|Any CPU
		{176CAA51-917D-4920-A6A1-D430A9F62494}.Release|Any CPU.Build.0 = Release|Any CPU
		{041457A6-8B88-4CD5-A32C-98FB09A0FA25}.Debug|Any CPU.ActiveCfg = Debug|Any CPU
		{041457A6-8B88-4CD5-A32C-98FB09A0FA25}.Debug|Any CPU.Build.0 = Debug|Any CPU
		{041457A6-8B88-4CD5-A32C-98FB09A0FA25}.Release|Any CPU.ActiveCfg = Release|Any CPU
		{041457A6-8B88-4CD5-A32C-98FB09A0FA25}.Release|Any CPU.Build.0 = Release|Any CPU
	EndGlobalSection
	GlobalSection(SolutionProperties) = preSolution
		HideSolutionNode = FALSE
	EndGlobalSection
	GlobalSection(ExtensibilityGlobals) = postSolution
		SolutionGuid = {B13E154C-79D3-4362-8549-5D0189C0D4DC}
	EndGlobalSection
EndGlobal
